
Microsoft Visual Studio Solution File, Format Version 12.00
# Visual Studio Version 17
VisualStudioVersion = 17.1.32414.318
MinimumVisualStudioVersion = 10.0.40219.1
Project("{FAE04EC0-301F-11D3-BF4B-00C04F79EFBC}") = "ProjectDatabase", "ProjectDatabase\ProjectDatabase.csproj", "{F2C57CA2-63C0-4CA7-97D6-FB35FD8BF2CF}"
EndProject
Global
	GlobalSection(SolutionConfigurationPlatforms) = preSolution
		Debug|Any CPU = Debug|Any CPU
		Release|Any CPU = Release|Any CPU
	EndGlobalSection
	GlobalSection(ProjectConfigurationPlatforms) = postSolution
		{F2C57CA2-63C0-4CA7-97D6-FB35FD8BF2CF}.Debug|Any CPU.ActiveCfg = Debug|Any CPU
		{F2C57CA2-63C0-4CA7-97D6-FB35FD8BF2CF}.Debug|Any CPU.Build.0 = Debug|Any CPU
		{F2C57CA2-63C0-4CA7-97D6-FB35FD8BF2CF}.Release|Any CPU.ActiveCfg = Release|Any CPU
		{F2C57CA2-63C0-4CA7-97D6-FB35FD8BF2CF}.Release|Any CPU.Build.0 = Release|Any CPU
	EndGlobalSection
	GlobalSection(SolutionProperties) = preSolution
		HideSolutionNode = FALSE
	EndGlobalSection
	GlobalSection(ExtensibilityGlobals) = postSolution
		SolutionGuid = {B831C6E8-2DBD-4971-BF7E-AE0BBE144914}
	EndGlobalSection
EndGlobal
